// !$*UTF8*$!
{
	archiveVersion = 1;
	classes = {
	};
	objectVersion = 46;
	objects = {

/* Begin PBXBuildFile section */
		BD0B94B313BBB4F800A030F6 /* MessageServiceTransport.h in Headers */ = {isa = PBXBuildFile; fileRef = BD0B94B113BBB4F800A030F6 /* MessageServiceTransport.h */; };
		BD0B94B413BBB4F800A030F6 /* MessageServiceTransport.m in Sources */ = {isa = PBXBuildFile; fileRef = BD0B94B213BBB4F800A030F6 /* MessageServiceTransport.m */; };
		BD0B94B513BBB4F800A030F6 /* MessageServiceTransport.m in Sources */ = {isa = PBXBuildFile; fileRef = BD0B94B213BBB4F800A030F6 /* MessageServiceTransport.m */; };
		BD9AE70113A3DDD500D4122D /* MessageServiceClient.h in Headers */ = {isa = PBXBuildFile; fileRef = BD9AE6FF13A3DDD500D4122D /* MessageServiceClient.h */; };
		BD9AE70213A3DDD500D4122D /* MessageServiceClient.m in Sources */ = {isa = PBXBuildFile; fileRef = BD9AE70013A3DDD500D4122D /* MessageServiceClient.m */; };
		BD9AE70313A3DDD500D4122D /* MessageServiceClient.m in Sources */ = {isa = PBXBuildFile; fileRef = BD9AE70013A3DDD500D4122D /* MessageServiceClient.m */; };
		BD9AE70613A3E29800D4122D /* MessageRoutingInfo.h in Headers */ = {isa = PBXBuildFile; fileRef = BD9AE70413A3E29800D4122D /* MessageRoutingInfo.h */; };
		BD9AE70713A3E29800D4122D /* MessageRoutingInfo.m in Sources */ = {isa = PBXBuildFile; fileRef = BD9AE70513A3E29800D4122D /* MessageRoutingInfo.m */; };
		BD9AE70813A3E29800D4122D /* MessageRoutingInfo.m in Sources */ = {isa = PBXBuildFile; fileRef = BD9AE70513A3E29800D4122D /* MessageRoutingInfo.m */; };
		BD9AE70F13A4163E00D4122D /* ServiceCallback.h in Headers */ = {isa = PBXBuildFile; fileRef = BD9AE70E13A4163E00D4122D /* ServiceCallback.h */; };
		BD9AE71A13A4196300D4122D /* ServiceMessage.h in Headers */ = {isa = PBXBuildFile; fileRef = BD9AE71813A4196300D4122D /* ServiceMessage.h */; };
		BD9AE71B13A4196300D4122D /* ServiceMessage.m in Sources */ = {isa = PBXBuildFile; fileRef = BD9AE71913A4196300D4122D /* ServiceMessage.m */; };
		BD9AE71C13A4196300D4122D /* ServiceMessage.m in Sources */ = {isa = PBXBuildFile; fileRef = BD9AE71913A4196300D4122D /* ServiceMessage.m */; };
		BD9AE71E13A41DD400D4122D /* libUnittWebSocketClient.a in Frameworks */ = {isa = PBXBuildFile; fileRef = BD9AE71D13A41DD400D4122D /* libUnittWebSocketClient.a */; };
		BD9AE71F13A41DD400D4122D /* libUnittWebSocketClient.a in Frameworks */ = {isa = PBXBuildFile; fileRef = BD9AE71D13A41DD400D4122D /* libUnittWebSocketClient.a */; };
		BD9AE72213A41F3100D4122D /* CFNetwork.framework in Frameworks */ = {isa = PBXBuildFile; fileRef = BD9AE72013A41F3100D4122D /* CFNetwork.framework */; };
		BD9AE72313A41F3100D4122D /* Security.framework in Frameworks */ = {isa = PBXBuildFile; fileRef = BD9AE72113A41F3100D4122D /* Security.framework */; };
		BD9AE72613A41FCA00D4122D /* CFNetwork.framework in Frameworks */ = {isa = PBXBuildFile; fileRef = BD9AE72413A41FCA00D4122D /* CFNetwork.framework */; };
		BD9AE72713A41FCA00D4122D /* Security.framework in Frameworks */ = {isa = PBXBuildFile; fileRef = BD9AE72513A41FCA00D4122D /* Security.framework */; };
		BDAEA33F13A1A54E00E8EB9C /* Foundation.framework in Frameworks */ = {isa = PBXBuildFile; fileRef = BDAEA33E13A1A54E00E8EB9C /* Foundation.framework */; };
		BDAEA34A13A1A54E00E8EB9C /* UIKit.framework in Frameworks */ = {isa = PBXBuildFile; fileRef = BDAEA34913A1A54E00E8EB9C /* UIKit.framework */; };
		BDAEA34B13A1A54E00E8EB9C /* Foundation.framework in Frameworks */ = {isa = PBXBuildFile; fileRef = BDAEA33E13A1A54E00E8EB9C /* Foundation.framework */; };
		BDAEA34D13A1A54E00E8EB9C /* CoreGraphics.framework in Frameworks */ = {isa = PBXBuildFile; fileRef = BDAEA34C13A1A54E00E8EB9C /* CoreGraphics.framework */; };
		BDAEA35013A1A54E00E8EB9C /* libUnittMessageServiceClient.a in Frameworks */ = {isa = PBXBuildFile; fileRef = BDAEA33B13A1A54E00E8EB9C /* libUnittMessageServiceClient.a */; };
		BDAEA35613A1A54E00E8EB9C /* InfoPlist.strings in Resources */ = {isa = PBXBuildFile; fileRef = BDAEA35413A1A54E00E8EB9C /* InfoPlist.strings */; };
		BDAEA35913A1A54E00E8EB9C /* UnittMessageServiceClientTests.h in Resources */ = {isa = PBXBuildFile; fileRef = BDAEA35813A1A54E00E8EB9C /* UnittMessageServiceClientTests.h */; };
		BDAEA35B13A1A54E00E8EB9C /* UnittMessageServiceClientTests.m in Sources */ = {isa = PBXBuildFile; fileRef = BDAEA35A13A1A54E00E8EB9C /* UnittMessageServiceClientTests.m */; };
		BDC439AB141BE522002633CD /* MessageSerializerJSON.h in Headers */ = {isa = PBXBuildFile; fileRef = BDC439A9141BE522002633CD /* MessageSerializerJSON.h */; };
		BDC439AC141BE522002633CD /* MessageSerializerJSON.m in Sources */ = {isa = PBXBuildFile; fileRef = BDC439AA141BE522002633CD /* MessageSerializerJSON.m */; };
		BDC439AD141BE522002633CD /* MessageSerializerJSON.m in Sources */ = {isa = PBXBuildFile; fileRef = BDC439AA141BE522002633CD /* MessageSerializerJSON.m */; };
		BDC439AF141BE640002633CD /* libUnittJSONSerializer.a in Frameworks */ = {isa = PBXBuildFile; fileRef = BDC439AE141BE640002633CD /* libUnittJSONSerializer.a */; };
		BDC439B0141BE640002633CD /* libUnittJSONSerializer.a in Frameworks */ = {isa = PBXBuildFile; fileRef = BDC439AE141BE640002633CD /* libUnittJSONSerializer.a */; };
/* End PBXBuildFile section */

/* Begin PBXContainerItemProxy section */
		BDAEA34E13A1A54E00E8EB9C /* PBXContainerItemProxy */ = {
			isa = PBXContainerItemProxy;
			containerPortal = BDAEA33213A1A54E00E8EB9C /* Project object */;
			proxyType = 1;
			remoteGlobalIDString = BDAEA33A13A1A54E00E8EB9C;
			remoteInfo = UnittMessageServiceClient;
		};
/* End PBXContainerItemProxy section */

/* Begin PBXFileReference section */
		BD0B94B113BBB4F800A030F6 /* MessageServiceTransport.h */ = {isa = PBXFileReference; fileEncoding = 4; lastKnownFileType = sourcecode.c.h; path = MessageServiceTransport.h; sourceTree = "<group>"; };
		BD0B94B213BBB4F800A030F6 /* MessageServiceTransport.m */ = {isa = PBXFileReference; fileEncoding = 4; lastKnownFileType = sourcecode.c.objc; path = MessageServiceTransport.m; sourceTree = "<group>"; };
		BD9AE6FF13A3DDD500D4122D /* MessageServiceClient.h */ = {isa = PBXFileReference; fileEncoding = 4; lastKnownFileType = sourcecode.c.h; path = MessageServiceClient.h; sourceTree = "<group>"; };
		BD9AE70013A3DDD500D4122D /* MessageServiceClient.m */ = {isa = PBXFileReference; fileEncoding = 4; lastKnownFileType = sourcecode.c.objc; path = MessageServiceClient.m; sourceTree = "<group>"; };
		BD9AE70413A3E29800D4122D /* MessageRoutingInfo.h */ = {isa = PBXFileReference; fileEncoding = 4; lastKnownFileType = sourcecode.c.h; path = MessageRoutingInfo.h; sourceTree = "<group>"; };
		BD9AE70513A3E29800D4122D /* MessageRoutingInfo.m */ = {isa = PBXFileReference; fileEncoding = 4; lastKnownFileType = sourcecode.c.objc; path = MessageRoutingInfo.m; sourceTree = "<group>"; };
		BD9AE70E13A4163E00D4122D /* ServiceCallback.h */ = {isa = PBXFileReference; fileEncoding = 4; lastKnownFileType = sourcecode.c.h; path = ServiceCallback.h; sourceTree = "<group>"; };
		BD9AE71813A4196300D4122D /* ServiceMessage.h */ = {isa = PBXFileReference; fileEncoding = 4; lastKnownFileType = sourcecode.c.h; path = ServiceMessage.h; sourceTree = "<group>"; };
		BD9AE71913A4196300D4122D /* ServiceMessage.m */ = {isa = PBXFileReference; fileEncoding = 4; lastKnownFileType = sourcecode.c.objc; path = ServiceMessage.m; sourceTree = "<group>"; };
		BD9AE71D13A41DD400D4122D /* libUnittWebSocketClient.a */ = {isa = PBXFileReference; lastKnownFileType = archive.ar; name = libUnittWebSocketClient.a; path = "../../../Library/Developer/UnitTSoftware/UnittWebSocketClient/bin/Debug-iphoneos/libUnittWebSocketClient.a"; sourceTree = "<group>"; };
		BD9AE72013A41F3100D4122D /* CFNetwork.framework */ = {isa = PBXFileReference; lastKnownFileType = wrapper.framework; name = CFNetwork.framework; path = System/Library/Frameworks/CFNetwork.framework; sourceTree = SDKROOT; };
		BD9AE72113A41F3100D4122D /* Security.framework */ = {isa = PBXFileReference; lastKnownFileType = wrapper.framework; name = Security.framework; path = System/Library/Frameworks/Security.framework; sourceTree = SDKROOT; };
		BD9AE72413A41FCA00D4122D /* CFNetwork.framework */ = {isa = PBXFileReference; lastKnownFileType = wrapper.framework; name = CFNetwork.framework; path = System/Library/Frameworks/CFNetwork.framework; sourceTree = SDKROOT; };
		BD9AE72513A41FCA00D4122D /* Security.framework */ = {isa = PBXFileReference; lastKnownFileType = wrapper.framework; name = Security.framework; path = System/Library/Frameworks/Security.framework; sourceTree = SDKROOT; };
		BDAEA33B13A1A54E00E8EB9C /* libUnittMessageServiceClient.a */ = {isa = PBXFileReference; explicitFileType = archive.ar; includeInIndex = 0; path = libUnittMessageServiceClient.a; sourceTree = BUILT_PRODUCTS_DIR; };
		BDAEA33E13A1A54E00E8EB9C /* Foundation.framework */ = {isa = PBXFileReference; lastKnownFileType = wrapper.framework; name = Foundation.framework; path = System/Library/Frameworks/Foundation.framework; sourceTree = SDKROOT; };
		BDAEA34213A1A54E00E8EB9C /* UnittMessageServiceClient-Prefix.pch */ = {isa = PBXFileReference; lastKnownFileType = sourcecode.c.h; path = "UnittMessageServiceClient-Prefix.pch"; sourceTree = "<group>"; };
		BDAEA34813A1A54E00E8EB9C /* UnittMessageServiceClientTests.octest */ = {isa = PBXFileReference; explicitFileType = wrapper.cfbundle; includeInIndex = 0; path = UnittMessageServiceClientTests.octest; sourceTree = BUILT_PRODUCTS_DIR; };
		BDAEA34913A1A54E00E8EB9C /* UIKit.framework */ = {isa = PBXFileReference; lastKnownFileType = wrapper.framework; name = UIKit.framework; path = System/Library/Frameworks/UIKit.framework; sourceTree = SDKROOT; };
		BDAEA34C13A1A54E00E8EB9C /* CoreGraphics.framework */ = {isa = PBXFileReference; lastKnownFileType = wrapper.framework; name = CoreGraphics.framework; path = System/Library/Frameworks/CoreGraphics.framework; sourceTree = SDKROOT; };
		BDAEA35313A1A54E00E8EB9C /* UnittMessageServiceClientTests-Info.plist */ = {isa = PBXFileReference; lastKnownFileType = text.plist.xml; path = "UnittMessageServiceClientTests-Info.plist"; sourceTree = "<group>"; };
		BDAEA35513A1A54E00E8EB9C /* en */ = {isa = PBXFileReference; lastKnownFileType = text.plist.strings; name = en; path = en.lproj/InfoPlist.strings; sourceTree = "<group>"; };
		BDAEA35713A1A54E00E8EB9C /* UnittMessageServiceClientTests-Prefix.pch */ = {isa = PBXFileReference; lastKnownFileType = sourcecode.c.h; path = "UnittMessageServiceClientTests-Prefix.pch"; sourceTree = "<group>"; };
		BDAEA35813A1A54E00E8EB9C /* UnittMessageServiceClientTests.h */ = {isa = PBXFileReference; lastKnownFileType = sourcecode.c.h; path = UnittMessageServiceClientTests.h; sourceTree = "<group>"; };
		BDAEA35A13A1A54E00E8EB9C /* UnittMessageServiceClientTests.m */ = {isa = PBXFileReference; lastKnownFileType = sourcecode.c.objc; path = UnittMessageServiceClientTests.m; sourceTree = "<group>"; };
		BDC439A9141BE522002633CD /* MessageSerializerJSON.h */ = {isa = PBXFileReference; fileEncoding = 4; lastKnownFileType = sourcecode.c.h; path = MessageSerializerJSON.h; sourceTree = "<group>"; };
		BDC439AA141BE522002633CD /* MessageSerializerJSON.m */ = {isa = PBXFileReference; fileEncoding = 4; lastKnownFileType = sourcecode.c.objc; path = MessageSerializerJSON.m; sourceTree = "<group>"; };
		BDC439AE141BE640002633CD /* libUnittJSONSerializer.a */ = {isa = PBXFileReference; lastKnownFileType = archive.ar; name = libUnittJSONSerializer.a; path = "../../../Library/Developer/UnitTSoftware/UnittJSONSerializer/bin/Debug-iphonesimulator/libUnittJSONSerializer.a"; sourceTree = "<group>"; };
/* End PBXFileReference section */

/* Begin PBXFrameworksBuildPhase section */
		BDAEA33813A1A54E00E8EB9C /* Frameworks */ = {
			isa = PBXFrameworksBuildPhase;
			buildActionMask = 2147483647;
			files = (
				BD9AE72213A41F3100D4122D /* CFNetwork.framework in Frameworks */,
				BD9AE72313A41F3100D4122D /* Security.framework in Frameworks */,
				BDAEA33F13A1A54E00E8EB9C /* Foundation.framework in Frameworks */,
				BD9AE71E13A41DD400D4122D /* libUnittWebSocketClient.a in Frameworks */,
				BDC439AF141BE640002633CD /* libUnittJSONSerializer.a in Frameworks */,
			);
			runOnlyForDeploymentPostprocessing = 0;
		};
		BDAEA34413A1A54E00E8EB9C /* Frameworks */ = {
			isa = PBXFrameworksBuildPhase;
			buildActionMask = 2147483647;
			files = (
				BD9AE72613A41FCA00D4122D /* CFNetwork.framework in Frameworks */,
				BD9AE72713A41FCA00D4122D /* Security.framework in Frameworks */,
				BDAEA34A13A1A54E00E8EB9C /* UIKit.framework in Frameworks */,
				BDAEA34B13A1A54E00E8EB9C /* Foundation.framework in Frameworks */,
				BDAEA34D13A1A54E00E8EB9C /* CoreGraphics.framework in Frameworks */,
				BDAEA35013A1A54E00E8EB9C /* libUnittMessageServiceClient.a in Frameworks */,
				BD9AE71F13A41DD400D4122D /* libUnittWebSocketClient.a in Frameworks */,
				BDC439B0141BE640002633CD /* libUnittJSONSerializer.a in Frameworks */,
			);
			runOnlyForDeploymentPostprocessing = 0;
		};
/* End PBXFrameworksBuildPhase section */

/* Begin PBXGroup section */
		BDAEA33013A1A54E00E8EB9C = {
			isa = PBXGroup;
			children = (
				BDAEA34013A1A54E00E8EB9C /* UnittMessageServiceClient */,
				BDAEA35113A1A54E00E8EB9C /* UnittMessageServiceClientTests */,
				BDAEA33D13A1A54E00E8EB9C /* Frameworks */,
				BDAEA33C13A1A54E00E8EB9C /* Products */,
			);
			sourceTree = "<group>";
		};
		BDAEA33C13A1A54E00E8EB9C /* Products */ = {
			isa = PBXGroup;
			children = (
				BDAEA33B13A1A54E00E8EB9C /* libUnittMessageServiceClient.a */,
				BDAEA34813A1A54E00E8EB9C /* UnittMessageServiceClientTests.octest */,
			);
			name = Products;
			sourceTree = "<group>";
		};
		BDAEA33D13A1A54E00E8EB9C /* Frameworks */ = {
			isa = PBXGroup;
			children = (
				BDC439AE141BE640002633CD /* libUnittJSONSerializer.a */,
				BD9AE71D13A41DD400D4122D /* libUnittWebSocketClient.a */,
				BD9AE72413A41FCA00D4122D /* CFNetwork.framework */,
				BD9AE72513A41FCA00D4122D /* Security.framework */,
				BD9AE72013A41F3100D4122D /* CFNetwork.framework */,
				BD9AE72113A41F3100D4122D /* Security.framework */,
				BDAEA33E13A1A54E00E8EB9C /* Foundation.framework */,
				BDAEA34913A1A54E00E8EB9C /* UIKit.framework */,
				BDAEA34C13A1A54E00E8EB9C /* CoreGraphics.framework */,
			);
			name = Frameworks;
			sourceTree = "<group>";
		};
		BDAEA34013A1A54E00E8EB9C /* UnittMessageServiceClient */ = {
			isa = PBXGroup;
			children = (
				BDAEA34113A1A54E00E8EB9C /* Supporting Files */,
				BDC439A7141BE4F1002633CD /* Serializers */,
				BD9AE6FF13A3DDD500D4122D /* MessageServiceClient.h */,
				BD9AE70013A3DDD500D4122D /* MessageServiceClient.m */,
				BD9AE70413A3E29800D4122D /* MessageRoutingInfo.h */,
				BD9AE70513A3E29800D4122D /* MessageRoutingInfo.m */,
				BD9AE70E13A4163E00D4122D /* ServiceCallback.h */,
				BD9AE71813A4196300D4122D /* ServiceMessage.h */,
				BD9AE71913A4196300D4122D /* ServiceMessage.m */,
				BD0B94B113BBB4F800A030F6 /* MessageServiceTransport.h */,
				BD0B94B213BBB4F800A030F6 /* MessageServiceTransport.m */,
			);
			path = UnittMessageServiceClient;
			sourceTree = "<group>";
		};
		BDAEA34113A1A54E00E8EB9C /* Supporting Files */ = {
			isa = PBXGroup;
			children = (
				BDAEA34213A1A54E00E8EB9C /* UnittMessageServiceClient-Prefix.pch */,
			);
			name = "Supporting Files";
			sourceTree = "<group>";
		};
		BDAEA35113A1A54E00E8EB9C /* UnittMessageServiceClientTests */ = {
			isa = PBXGroup;
			children = (
				BDAEA35813A1A54E00E8EB9C /* UnittMessageServiceClientTests.h */,
				BDAEA35A13A1A54E00E8EB9C /* UnittMessageServiceClientTests.m */,
				BDAEA35213A1A54E00E8EB9C /* Supporting Files */,
			);
			path = UnittMessageServiceClientTests;
			sourceTree = "<group>";
		};
		BDAEA35213A1A54E00E8EB9C /* Supporting Files */ = {
			isa = PBXGroup;
			children = (
				BDAEA35313A1A54E00E8EB9C /* UnittMessageServiceClientTests-Info.plist */,
				BDAEA35413A1A54E00E8EB9C /* InfoPlist.strings */,
				BDAEA35713A1A54E00E8EB9C /* UnittMessageServiceClientTests-Prefix.pch */,
			);
			name = "Supporting Files";
			sourceTree = "<group>";
		};
		BDC439A7141BE4F1002633CD /* Serializers */ = {
			isa = PBXGroup;
			children = (
				BDC439A9141BE522002633CD /* MessageSerializerJSON.h */,
				BDC439AA141BE522002633CD /* MessageSerializerJSON.m */,
			);
			name = Serializers;
			sourceTree = "<group>";
		};
/* End PBXGroup section */

/* Begin PBXHeadersBuildPhase section */
		BDAEA33913A1A54E00E8EB9C /* Headers */ = {
			isa = PBXHeadersBuildPhase;
			buildActionMask = 2147483647;
			files = (
				BD9AE70113A3DDD500D4122D /* MessageServiceClient.h in Headers */,
				BD9AE70613A3E29800D4122D /* MessageRoutingInfo.h in Headers */,
				BD9AE70F13A4163E00D4122D /* ServiceCallback.h in Headers */,
				BD9AE71A13A4196300D4122D /* ServiceMessage.h in Headers */,
				BD0B94B313BBB4F800A030F6 /* MessageServiceTransport.h in Headers */,
				BDC439AB141BE522002633CD /* MessageSerializerJSON.h in Headers */,
			);
			runOnlyForDeploymentPostprocessing = 0;
		};
/* End PBXHeadersBuildPhase section */

/* Begin PBXNativeTarget section */
		BDAEA33A13A1A54E00E8EB9C /* UnittMessageServiceClient */ = {
			isa = PBXNativeTarget;
			buildConfigurationList = BDAEA35E13A1A54E00E8EB9C /* Build configuration list for PBXNativeTarget "UnittMessageServiceClient" */;
			buildPhases = (
				BDAEA33713A1A54E00E8EB9C /* Sources */,
				BDAEA33813A1A54E00E8EB9C /* Frameworks */,
				BDAEA33913A1A54E00E8EB9C /* Headers */,
			);
			buildRules = (
			);
			dependencies = (
			);
			name = UnittMessageServiceClient;
			productName = UnittMessageServiceClient;
			productReference = BDAEA33B13A1A54E00E8EB9C /* libUnittMessageServiceClient.a */;
			productType = "com.apple.product-type.library.static";
		};
		BDAEA34713A1A54E00E8EB9C /* UnittMessageServiceClientTests */ = {
			isa = PBXNativeTarget;
			buildConfigurationList = BDAEA36113A1A54E00E8EB9C /* Build configuration list for PBXNativeTarget "UnittMessageServiceClientTests" */;
			buildPhases = (
				BDAEA34313A1A54E00E8EB9C /* Sources */,
				BDAEA34413A1A54E00E8EB9C /* Frameworks */,
				BDAEA34513A1A54E00E8EB9C /* Resources */,
				BDAEA34613A1A54E00E8EB9C /* ShellScript */,
			);
			buildRules = (
			);
			dependencies = (
				BDAEA34F13A1A54E00E8EB9C /* PBXTargetDependency */,
			);
			name = UnittMessageServiceClientTests;
			productName = UnittMessageServiceClientTests;
			productReference = BDAEA34813A1A54E00E8EB9C /* UnittMessageServiceClientTests.octest */;
			productType = "com.apple.product-type.bundle";
		};
/* End PBXNativeTarget section */

/* Begin PBXProject section */
		BDAEA33213A1A54E00E8EB9C /* Project object */ = {
			isa = PBXProject;
			buildConfigurationList = BDAEA33513A1A54E00E8EB9C /* Build configuration list for PBXProject "UnittMessageServiceClient" */;
			compatibilityVersion = "Xcode 3.2";
			developmentRegion = English;
			hasScannedForEncodings = 0;
			knownRegions = (
				en,
			);
			mainGroup = BDAEA33013A1A54E00E8EB9C;
			productRefGroup = BDAEA33C13A1A54E00E8EB9C /* Products */;
			projectDirPath = "";
			projectRoot = "";
			targets = (
				BDAEA33A13A1A54E00E8EB9C /* UnittMessageServiceClient */,
				BDAEA34713A1A54E00E8EB9C /* UnittMessageServiceClientTests */,
			);
		};
/* End PBXProject section */

/* Begin PBXResourcesBuildPhase section */
		BDAEA34513A1A54E00E8EB9C /* Resources */ = {
			isa = PBXResourcesBuildPhase;
			buildActionMask = 2147483647;
			files = (
				BDAEA35613A1A54E00E8EB9C /* InfoPlist.strings in Resources */,
				BDAEA35913A1A54E00E8EB9C /* UnittMessageServiceClientTests.h in Resources */,
			);
			runOnlyForDeploymentPostprocessing = 0;
		};
/* End PBXResourcesBuildPhase section */

/* Begin PBXShellScriptBuildPhase section */
		BDAEA34613A1A54E00E8EB9C /* ShellScript */ = {
			isa = PBXShellScriptBuildPhase;
			buildActionMask = 2147483647;
			files = (
			);
			inputPaths = (
			);
			outputPaths = (
			);
			runOnlyForDeploymentPostprocessing = 0;
			shellPath = /bin/sh;
			shellScript = "# Run the unit tests in this test bundle.\n\"${SYSTEM_DEVELOPER_DIR}/Tools/RunUnitTests\"\n";
		};
/* End PBXShellScriptBuildPhase section */

/* Begin PBXSourcesBuildPhase section */
		BDAEA33713A1A54E00E8EB9C /* Sources */ = {
			isa = PBXSourcesBuildPhase;
			buildActionMask = 2147483647;
			files = (
				BD9AE70213A3DDD500D4122D /* MessageServiceClient.m in Sources */,
				BD9AE70713A3E29800D4122D /* MessageRoutingInfo.m in Sources */,
				BD9AE71B13A4196300D4122D /* ServiceMessage.m in Sources */,
				BD0B94B413BBB4F800A030F6 /* MessageServiceTransport.m in Sources */,
				BDC439AC141BE522002633CD /* MessageSerializerJSON.m in Sources */,
			);
			runOnlyForDeploymentPostprocessing = 0;
		};
		BDAEA34313A1A54E00E8EB9C /* Sources */ = {
			isa = PBXSourcesBuildPhase;
			buildActionMask = 2147483647;
			files = (
				BDAEA35B13A1A54E00E8EB9C /* UnittMessageServiceClientTests.m in Sources */,
				BD9AE70313A3DDD500D4122D /* MessageServiceClient.m in Sources */,
				BD9AE70813A3E29800D4122D /* MessageRoutingInfo.m in Sources */,
				BD9AE71C13A4196300D4122D /* ServiceMessage.m in Sources */,
				BD0B94B513BBB4F800A030F6 /* MessageServiceTransport.m in Sources */,
				BDC439AD141BE522002633CD /* MessageSerializerJSON.m in Sources */,
			);
			runOnlyForDeploymentPostprocessing = 0;
		};
/* End PBXSourcesBuildPhase section */

/* Begin PBXTargetDependency section */
		BDAEA34F13A1A54E00E8EB9C /* PBXTargetDependency */ = {
			isa = PBXTargetDependency;
			target = BDAEA33A13A1A54E00E8EB9C /* UnittMessageServiceClient */;
			targetProxy = BDAEA34E13A1A54E00E8EB9C /* PBXContainerItemProxy */;
		};
/* End PBXTargetDependency section */

/* Begin PBXVariantGroup section */
		BDAEA35413A1A54E00E8EB9C /* InfoPlist.strings */ = {
			isa = PBXVariantGroup;
			children = (
				BDAEA35513A1A54E00E8EB9C /* en */,
			);
			name = InfoPlist.strings;
			sourceTree = "<group>";
		};
/* End PBXVariantGroup section */

/* Begin XCBuildConfiguration section */
		BDAEA35C13A1A54E00E8EB9C /* Debug */ = {
			isa = XCBuildConfiguration;
			buildSettings = {
				ARCHS = "$(ARCHS_STANDARD_32_BIT)";
				GCC_C_LANGUAGE_STANDARD = gnu99;
				GCC_OPTIMIZATION_LEVEL = 0;
				GCC_PREPROCESSOR_DEFINITIONS = DEBUG;
				GCC_SYMBOLS_PRIVATE_EXTERN = NO;
				GCC_VERSION = com.apple.compilers.llvmgcc42;
				GCC_WARN_ABOUT_RETURN_TYPE = YES;
				GCC_WARN_UNUSED_VARIABLE = YES;
				HEADER_SEARCH_PATHS = (
					"\"~/Library/Developer/UnitTSoftware/UnittWebSocketClient/include\"",
					"\"~/Library/Developer/UnitTSoftware/UnittJSONSerializer/include\"",
				);
				IPHONEOS_DEPLOYMENT_TARGET = 4.2;
				LIBRARY_SEARCH_PATHS = (
					"\"~/Library/Developer/UnitTSoftware/UnittWebSocketClient/bin/$(CONFIGURATION)$(EFFECTIVE_PLATFORM_NAME)\"",
					"\"~/Library/Developer/UnitTSoftware/UnittJSONSerializer/bin/$(CONFIGURATION)$(EFFECTIVE_PLATFORM_NAME)\"",
				);
				OTHER_LDFLAGS = "-all_load";
				SDKROOT = iphoneos;
			};
			name = Debug;
		};
		BDAEA35D13A1A54E00E8EB9C /* Release */ = {
			isa = XCBuildConfiguration;
			buildSettings = {
				ARCHS = "$(ARCHS_STANDARD_32_BIT)";
				GCC_C_LANGUAGE_STANDARD = gnu99;
				GCC_VERSION = com.apple.compilers.llvmgcc42;
				GCC_WARN_ABOUT_RETURN_TYPE = YES;
				GCC_WARN_UNUSED_VARIABLE = YES;
				HEADER_SEARCH_PATHS = (
					"\"~/Library/Developer/UnitTSoftware/UnittWebSocketClient/include\"",
					"\"~/Library/Developer/UnitTSoftware/UnittJSONSerializer/include\"",
				);
				IPHONEOS_DEPLOYMENT_TARGET = 4.2;
				LIBRARY_SEARCH_PATHS = (
					"\"~/Library/Developer/UnitTSoftware/UnittWebSocketClient/bin/$(CONFIGURATION)$(EFFECTIVE_PLATFORM_NAME)\"",
					"\"~/Library/Developer/UnitTSoftware/UnittJSONSerializer/bin/$(CONFIGURATION)$(EFFECTIVE_PLATFORM_NAME)\"",
				);
				OTHER_LDFLAGS = "-all_load";
				SDKROOT = iphoneos;
			};
			name = Release;
		};
		BDAEA35F13A1A54E00E8EB9C /* Debug */ = {
			isa = XCBuildConfiguration;
			buildSettings = {
				ALWAYS_SEARCH_USER_PATHS = NO;
				DSTROOT = /tmp/UnittMessageServiceClient.dst;
				GCC_PRECOMPILE_PREFIX_HEADER = YES;
				GCC_PREFIX_HEADER = "UnittMessageServiceClient/UnittMessageServiceClient-Prefix.pch";
				HEADER_SEARCH_PATHS = "${inherited}";
				LIBRARY_SEARCH_PATHS = "$(inherited)";
				OTHER_LDFLAGS = "${inherited}";
				PRODUCT_NAME = "$(TARGET_NAME)";
			};
			name = Debug;
		};
		BDAEA36013A1A54E00E8EB9C /* Release */ = {
			isa = XCBuildConfiguration;
			buildSettings = {
				ALWAYS_SEARCH_USER_PATHS = NO;
				DSTROOT = /tmp/UnittMessageServiceClient.dst;
				GCC_PRECOMPILE_PREFIX_HEADER = YES;
				GCC_PREFIX_HEADER = "UnittMessageServiceClient/UnittMessageServiceClient-Prefix.pch";
				HEADER_SEARCH_PATHS = "${inherited}";
				LIBRARY_SEARCH_PATHS = "$(inherited)";
				OTHER_LDFLAGS = "${inherited}";
				PRODUCT_NAME = "$(TARGET_NAME)";
			};
			name = Release;
		};
		BDAEA36213A1A54E00E8EB9C /* Debug */ = {
			isa = XCBuildConfiguration;
			buildSettings = {
				ALWAYS_SEARCH_USER_PATHS = NO;
				FRAMEWORK_SEARCH_PATHS = (
					"$(SDKROOT)/Developer/Library/Frameworks",
					"$(DEVELOPER_LIBRARY_DIR)/Frameworks",
				);
				GCC_PRECOMPILE_PREFIX_HEADER = YES;
				GCC_PREFIX_HEADER = "UnittMessageServiceClientTests/UnittMessageServiceClientTests-Prefix.pch";
				HEADER_SEARCH_PATHS = "${inherited}";
				INFOPLIST_FILE = "UnittMessageServiceClientTests/UnittMessageServiceClientTests-Info.plist";
				LIBRARY_SEARCH_PATHS = "$(inherited)";
				OTHER_LDFLAGS = (
					"-framework",
					SenTestingKit,
					"${inherited}",
				);
				PRODUCT_NAME = "$(TARGET_NAME)";
				WRAPPER_EXTENSION = octest;
			};
			name = Debug;
		};
		BDAEA36313A1A54E00E8EB9C /* Release */ = {
			isa = XCBuildConfiguration;
			buildSettings = {
				ALWAYS_SEARCH_USER_PATHS = NO;
				FRAMEWORK_SEARCH_PATHS = (
					"$(SDKROOT)/Developer/Library/Frameworks",
					"$(DEVELOPER_LIBRARY_DIR)/Frameworks",
				);
				GCC_PRECOMPILE_PREFIX_HEADER = YES;
				GCC_PREFIX_HEADER = "UnittMessageServiceClientTests/UnittMessageServiceClientTests-Prefix.pch";
				HEADER_SEARCH_PATHS = "${inherited}";
				INFOPLIST_FILE = "UnittMessageServiceClientTests/UnittMessageServiceClientTests-Info.plist";
				LIBRARY_SEARCH_PATHS = "$(inherited)";
				OTHER_LDFLAGS = (
					"-framework",
					SenTestingKit,
					"${inherited}",
				);
				PRODUCT_NAME = "$(TARGET_NAME)";
				WRAPPER_EXTENSION = octest;
			};
			name = Release;
		};
/* End XCBuildConfiguration section */

/* Begin XCConfigurationList section */
		BDAEA33513A1A54E00E8EB9C /* Build configuration list for PBXProject "UnittMessageServiceClient" */ = {
			isa = XCConfigurationList;
			buildConfigurations = (
				BDAEA35C13A1A54E00E8EB9C /* Debug */,
				BDAEA35D13A1A54E00E8EB9C /* Release */,
			);
			defaultConfigurationIsVisible = 0;
			defaultConfigurationName = Release;
		};
		BDAEA35E13A1A54E00E8EB9C /* Build configuration list for PBXNativeTarget "UnittMessageServiceClient" */ = {
			isa = XCConfigurationList;
			buildConfigurations = (
				BDAEA35F13A1A54E00E8EB9C /* Debug */,
				BDAEA36013A1A54E00E8EB9C /* Release */,
			);
			defaultConfigurationIsVisible = 0;
			defaultConfigurationName = Release;
		};
		BDAEA36113A1A54E00E8EB9C /* Build configuration list for PBXNativeTarget "UnittMessageServiceClientTests" */ = {
			isa = XCConfigurationList;
			buildConfigurations = (
				BDAEA36213A1A54E00E8EB9C /* Debug */,
				BDAEA36313A1A54E00E8EB9C /* Release */,
			);
			defaultConfigurationIsVisible = 0;
			defaultConfigurationName = Release;
		};
/* End XCConfigurationList section */
	};
	rootObject = BDAEA33213A1A54E00E8EB9C /* Project object */;
}
